
Microsoft Visual Studio Solution File, Format Version 12.00
# Visual Studio Version 17
VisualStudioVersion = 17.8.34309.116
MinimumVisualStudioVersion = 10.0.40219.1
Project("{FAE04EC0-301F-11D3-BF4B-00C04F79EFBC}") = "InternetBanking", "InternetBanking\InternetBanking.csproj", "{D5226F13-F974-4222-B54E-A6363A9F03BC}"
EndProject
Global
	GlobalSection(SolutionConfigurationPlatforms) = preSolution
		Debug|Any CPU = Debug|Any CPU
		Release|Any CPU = Release|Any CPU
	EndGlobalSection
	GlobalSection(ProjectConfigurationPlatforms) = postSolution
		{D5226F13-F974-4222-B54E-A6363A9F03BC}.Debug|Any CPU.ActiveCfg = Debug|Any CPU
		{D5226F13-F974-4222-B54E-A6363A9F03BC}.Debug|Any CPU.Build.0 = Debug|Any CPU
		{D5226F13-F974-4222-B54E-A6363A9F03BC}.Release|Any CPU.ActiveCfg = Release|Any CPU
		{D5226F13-F974-4222-B54E-A6363A9F03BC}.Release|Any CPU.Build.0 = Release|Any CPU
	EndGlobalSection
	GlobalSection(SolutionProperties) = preSolution
		HideSolutionNode = FALSE
	EndGlobalSection
	GlobalSection(ExtensibilityGlobals) = postSolution
		SolutionGuid = {EBE9128A-8137-439D-9C0F-142452947E26}
	EndGlobalSection
EndGlobal
